
Microsoft Visual Studio Solution File, Format Version 12.00
# Visual Studio Version 16
VisualStudioVersion = 16.0.31729.503
MinimumVisualStudioVersion = 10.0.40219.1
Project("{FAE04EC0-301F-11D3-BF4B-00C04F79EFBC}") = "Kviz", "Kviz\Kviz.csproj", "{0862744E-48E9-42E9-A864-FA396F9945CA}"
EndProject
Global
	GlobalSection(SolutionConfigurationPlatforms) = preSolution
		Debug|Any CPU = Debug|Any CPU
		Release|Any CPU = Release|Any CPU
	EndGlobalSection
	GlobalSection(ProjectConfigurationPlatforms) = postSolution
		{0862744E-48E9-42E9-A864-FA396F9945CA}.Debug|Any CPU.ActiveCfg = Debug|Any CPU
		{0862744E-48E9-42E9-A864-FA396F9945CA}.Debug|Any CPU.Build.0 = Debug|Any CPU
		{0862744E-48E9-42E9-A864-FA396F9945CA}.Release|Any CPU.ActiveCfg = Release|Any CPU
		{0862744E-48E9-42E9-A864-FA396F9945CA}.Release|Any CPU.Build.0 = Release|Any CPU
	EndGlobalSection
	GlobalSection(SolutionProperties) = preSolution
		HideSolutionNode = FALSE
	EndGlobalSection
	GlobalSection(ExtensibilityGlobals) = postSolution
		SolutionGuid = {D102261C-5D91-40A7-8893-8CEAF9A6C37A}
	EndGlobalSection
EndGlobal
